// !$*UTF8*$!
{
	archiveVersion = 1;
	classes = {
	};
	objectVersion = 56;
	objects = {

/* Begin PBXBuildFile section */
		B3EE25612C77447E006B24A4 /* AppDelegate.swift in Sources */ = {isa = PBXBuildFile; fileRef = B3EE25602C77447E006B24A4 /* AppDelegate.swift */; };
		B3EE25632C77447E006B24A4 /* SceneDelegate.swift in Sources */ = {isa = PBXBuildFile; fileRef = B3EE25622C77447E006B24A4 /* SceneDelegate.swift */; };
		B3EE25652C77447E006B24A4 /* ViewController.swift in Sources */ = {isa = PBXBuildFile; fileRef = B3EE25642C77447E006B24A4 /* ViewController.swift */; };
		B3EE25682C77447E006B24A4 /* Base in Resources */ = {isa = PBXBuildFile; fileRef = B3EE25672C77447E006B24A4 /* Base */; };
		B3EE256A2C77447F006B24A4 /* Assets.xcassets in Resources */ = {isa = PBXBuildFile; fileRef = B3EE25692C77447F006B24A4 /* Assets.xcassets */; };
		B3EE256D2C77447F006B24A4 /* Base in Resources */ = {isa = PBXBuildFile; fileRef = B3EE256C2C77447F006B24A4 /* Base */; };
		B3EE25772C7861B1006B24A4 /* HTTPRequestManager.swift in Sources */ = {isa = PBXBuildFile; fileRef = B3EE25762C7861B1006B24A4 /* HTTPRequestManager.swift */; };
		B3EE25792C7865F3006B24A4 /* Model.swift in Sources */ = {isa = PBXBuildFile; fileRef = B3EE25782C7865F3006B24A4 /* Model.swift */; };
		B3EE257B2C788110006B24A4 /* MerchantCouponTableViewCell.swift in Sources */ = {isa = PBXBuildFile; fileRef = B3EE257A2C788110006B24A4 /* MerchantCouponTableViewCell.swift */; };
		B3EE257D2C78878D006B24A4 /* ExtensionUIColor.swift in Sources */ = {isa = PBXBuildFile; fileRef = B3EE257C2C78878D006B24A4 /* ExtensionUIColor.swift */; };
		B3EE257F2C7B2DFD006B24A4 /* ExtensionUIImageView.swift in Sources */ = {isa = PBXBuildFile; fileRef = B3EE257E2C7B2DFD006B24A4 /* ExtensionUIImageView.swift */; };
		B3EE25812C7B8984006B24A4 /* MerchantCouponImageViewController.swift in Sources */ = {isa = PBXBuildFile; fileRef = B3EE25802C7B8984006B24A4 /* MerchantCouponImageViewController.swift */; };
		B3EE25882C7D72FA006B24A4 /* CollectionViewFactory.swift in Sources */ = {isa = PBXBuildFile; fileRef = B3EE25872C7D72FA006B24A4 /* CollectionViewFactory.swift */; };
		B3EE258A2C7D732C006B24A4 /* PromoCollectionViewCell.swift in Sources */ = {isa = PBXBuildFile; fileRef = B3EE25892C7D732C006B24A4 /* PromoCollectionViewCell.swift */; };
		B3EE258C2C7D7340006B24A4 /* ExtensionString.swift in Sources */ = {isa = PBXBuildFile; fileRef = B3EE258B2C7D7340006B24A4 /* ExtensionString.swift */; };
		B3EE258E2C7D74D6006B24A4 /* MerchantCouponContainerCell.swift in Sources */ = {isa = PBXBuildFile; fileRef = B3EE258D2C7D74D6006B24A4 /* MerchantCouponContainerCell.swift */; };
		B3EE25922C7D8036006B24A4 /* PromoContainerCell.swift in Sources */ = {isa = PBXBuildFile; fileRef = B3EE25912C7D8036006B24A4 /* PromoContainerCell.swift */; };
		B3EE25982C7F64C9006B24A4 /* highlightCell.swift in Sources */ = {isa = PBXBuildFile; fileRef = B3EE25972C7F64C9006B24A4 /* highlightCell.swift */; };
		B3EE259C2C7F6500006B24A4 /* HighlightContainerCell.swift in Sources */ = {isa = PBXBuildFile; fileRef = B3EE259B2C7F6500006B24A4 /* HighlightContainerCell.swift */; };
		E9C384E82C7DDCBB00BDF717 /* GuideContainerCell.swift in Sources */ = {isa = PBXBuildFile; fileRef = E9C384E72C7DDCBB00BDF717 /* GuideContainerCell.swift */; };
		E9C384EA2C7DDCD300BDF717 /* GuideCell.swift in Sources */ = {isa = PBXBuildFile; fileRef = E9C384E92C7DDCD300BDF717 /* GuideCell.swift */; };
		E9C384EC2C7EB10800BDF717 /* ExtensionUrl.swift in Sources */ = {isa = PBXBuildFile; fileRef = E9C384EB2C7EB10800BDF717 /* ExtensionUrl.swift */; };
/* End PBXBuildFile section */

/* Begin PBXFileReference section */
		B3EE255D2C77447E006B24A4 /* DiscountArea.app */ = {isa = PBXFileReference; explicitFileType = wrapper.application; includeInIndex = 0; path = DiscountArea.app; sourceTree = BUILT_PRODUCTS_DIR; };
		B3EE25602C77447E006B24A4 /* AppDelegate.swift */ = {isa = PBXFileReference; lastKnownFileType = sourcecode.swift; path = AppDelegate.swift; sourceTree = "<group>"; };
		B3EE25622C77447E006B24A4 /* SceneDelegate.swift */ = {isa = PBXFileReference; lastKnownFileType = sourcecode.swift; path = SceneDelegate.swift; sourceTree = "<group>"; };
		B3EE25642C77447E006B24A4 /* ViewController.swift */ = {isa = PBXFileReference; lastKnownFileType = sourcecode.swift; path = ViewController.swift; sourceTree = "<group>"; };
		B3EE25672C77447E006B24A4 /* Base */ = {isa = PBXFileReference; lastKnownFileType = file.storyboard; name = Base; path = Base.lproj/Main.storyboard; sourceTree = "<group>"; };
		B3EE25692C77447F006B24A4 /* Assets.xcassets */ = {isa = PBXFileReference; lastKnownFileType = folder.assetcatalog; path = Assets.xcassets; sourceTree = "<group>"; };
		B3EE256C2C77447F006B24A4 /* Base */ = {isa = PBXFileReference; lastKnownFileType = file.storyboard; name = Base; path = Base.lproj/LaunchScreen.storyboard; sourceTree = "<group>"; };
		B3EE256E2C77447F006B24A4 /* Info.plist */ = {isa = PBXFileReference; lastKnownFileType = text.plist.xml; path = Info.plist; sourceTree = "<group>"; };
		B3EE25762C7861B1006B24A4 /* HTTPRequestManager.swift */ = {isa = PBXFileReference; lastKnownFileType = sourcecode.swift; path = HTTPRequestManager.swift; sourceTree = "<group>"; };
		B3EE25782C7865F3006B24A4 /* Model.swift */ = {isa = PBXFileReference; lastKnownFileType = sourcecode.swift; path = Model.swift; sourceTree = "<group>"; };
		B3EE257A2C788110006B24A4 /* MerchantCouponTableViewCell.swift */ = {isa = PBXFileReference; lastKnownFileType = sourcecode.swift; path = MerchantCouponTableViewCell.swift; sourceTree = "<group>"; };
		B3EE257C2C78878D006B24A4 /* ExtensionUIColor.swift */ = {isa = PBXFileReference; lastKnownFileType = sourcecode.swift; path = ExtensionUIColor.swift; sourceTree = "<group>"; };
		B3EE257E2C7B2DFD006B24A4 /* ExtensionUIImageView.swift */ = {isa = PBXFileReference; lastKnownFileType = sourcecode.swift; path = ExtensionUIImageView.swift; sourceTree = "<group>"; };
		B3EE25802C7B8984006B24A4 /* MerchantCouponImageViewController.swift */ = {isa = PBXFileReference; lastKnownFileType = sourcecode.swift; path = MerchantCouponImageViewController.swift; sourceTree = "<group>"; };
		B3EE25872C7D72FA006B24A4 /* CollectionViewFactory.swift */ = {isa = PBXFileReference; fileEncoding = 4; lastKnownFileType = sourcecode.swift; path = CollectionViewFactory.swift; sourceTree = "<group>"; };
		B3EE25892C7D732C006B24A4 /* PromoCollectionViewCell.swift */ = {isa = PBXFileReference; fileEncoding = 4; lastKnownFileType = sourcecode.swift; path = PromoCollectionViewCell.swift; sourceTree = "<group>"; };
		B3EE258B2C7D7340006B24A4 /* ExtensionString.swift */ = {isa = PBXFileReference; fileEncoding = 4; lastKnownFileType = sourcecode.swift; path = ExtensionString.swift; sourceTree = "<group>"; };
		B3EE258D2C7D74D6006B24A4 /* MerchantCouponContainerCell.swift */ = {isa = PBXFileReference; lastKnownFileType = sourcecode.swift; path = MerchantCouponContainerCell.swift; sourceTree = "<group>"; };
		B3EE25912C7D8036006B24A4 /* PromoContainerCell.swift */ = {isa = PBXFileReference; lastKnownFileType = sourcecode.swift; path = PromoContainerCell.swift; sourceTree = "<group>"; };
		B3EE25972C7F64C9006B24A4 /* highlightCell.swift */ = {isa = PBXFileReference; fileEncoding = 4; lastKnownFileType = sourcecode.swift; path = highlightCell.swift; sourceTree = "<group>"; };
		B3EE259B2C7F6500006B24A4 /* HighlightContainerCell.swift */ = {isa = PBXFileReference; fileEncoding = 4; lastKnownFileType = sourcecode.swift; path = HighlightContainerCell.swift; sourceTree = "<group>"; };
		E9C384E72C7DDCBB00BDF717 /* GuideContainerCell.swift */ = {isa = PBXFileReference; lastKnownFileType = sourcecode.swift; path = GuideContainerCell.swift; sourceTree = "<group>"; };
		E9C384E92C7DDCD300BDF717 /* GuideCell.swift */ = {isa = PBXFileReference; lastKnownFileType = sourcecode.swift; path = GuideCell.swift; sourceTree = "<group>"; };
		E9C384EB2C7EB10800BDF717 /* ExtensionUrl.swift */ = {isa = PBXFileReference; lastKnownFileType = sourcecode.swift; path = ExtensionUrl.swift; sourceTree = "<group>"; };
/* End PBXFileReference section */

/* Begin PBXFrameworksBuildPhase section */
		B3EE255A2C77447E006B24A4 /* Frameworks */ = {
			isa = PBXFrameworksBuildPhase;
			buildActionMask = 2147483647;
			files = (
			);
			runOnlyForDeploymentPostprocessing = 0;
		};
/* End PBXFrameworksBuildPhase section */

/* Begin PBXGroup section */
		B3EE25542C77447E006B24A4 = {
			isa = PBXGroup;
			children = (
				B3EE255F2C77447E006B24A4 /* DiscountArea */,
				B3EE255E2C77447E006B24A4 /* Products */,
			);
			sourceTree = "<group>";
		};
		B3EE255E2C77447E006B24A4 /* Products */ = {
			isa = PBXGroup;
			children = (
				B3EE255D2C77447E006B24A4 /* DiscountArea.app */,
			);
			name = Products;
			sourceTree = "<group>";
		};
		B3EE255F2C77447E006B24A4 /* DiscountArea */ = {
			isa = PBXGroup;
			children = (
				B3EE25602C77447E006B24A4 /* AppDelegate.swift */,
				B3EE25622C77447E006B24A4 /* SceneDelegate.swift */,
				B3EE25862C7D72D4006B24A4 /* Extension */,
				B3EE25852C7D72C7006B24A4 /* Manager */,
				B3EE25822C7D727A006B24A4 /* Model */,
				B3EE25832C7D7288006B24A4 /* View */,
				B3EE25842C7D72A7006B24A4 /* ViewController */,
				B3EE25692C77447F006B24A4 /* Assets.xcassets */,
				B3EE25662C77447E006B24A4 /* Main.storyboard */,
				B3EE256B2C77447F006B24A4 /* LaunchScreen.storyboard */,
				B3EE256E2C77447F006B24A4 /* Info.plist */,
			);
			path = DiscountArea;
			sourceTree = "<group>";
		};
		B3EE25822C7D727A006B24A4 /* Model */ = {
			isa = PBXGroup;
			children = (
				B3EE25782C7865F3006B24A4 /* Model.swift */,
			);
			path = Model;
			sourceTree = "<group>";
		};
		B3EE25832C7D7288006B24A4 /* View */ = {
			isa = PBXGroup;
			children = (
				B3EE257A2C788110006B24A4 /* MerchantCouponTableViewCell.swift */,
				B3EE258D2C7D74D6006B24A4 /* MerchantCouponContainerCell.swift */,
				B3EE25872C7D72FA006B24A4 /* CollectionViewFactory.swift */,
				B3EE25892C7D732C006B24A4 /* PromoCollectionViewCell.swift */,
				B3EE25912C7D8036006B24A4 /* PromoContainerCell.swift */,
				E9C384E92C7DDCD300BDF717 /* GuideCell.swift */,
				E9C384E72C7DDCBB00BDF717 /* GuideContainerCell.swift */,
				B3EE25972C7F64C9006B24A4 /* highlightCell.swift */,
				B3EE259B2C7F6500006B24A4 /* HighlightContainerCell.swift */,
			);
			path = View;
			sourceTree = "<group>";
		};
		B3EE25842C7D72A7006B24A4 /* ViewController */ = {
			isa = PBXGroup;
			children = (
				B3EE25802C7B8984006B24A4 /* MerchantCouponImageViewController.swift */,
				B3EE25642C77447E006B24A4 /* ViewController.swift */,
			);
			path = ViewController;
			sourceTree = "<group>";
		};
		B3EE25852C7D72C7006B24A4 /* Manager */ = {
			isa = PBXGroup;
			children = (
				B3EE25762C7861B1006B24A4 /* HTTPRequestManager.swift */,
			);
			path = Manager;
			sourceTree = "<group>";
		};
		B3EE25862C7D72D4006B24A4 /* Extension */ = {
			isa = PBXGroup;
			children = (
				B3EE257E2C7B2DFD006B24A4 /* ExtensionUIImageView.swift */,
				B3EE257C2C78878D006B24A4 /* ExtensionUIColor.swift */,
				B3EE258B2C7D7340006B24A4 /* ExtensionString.swift */,
				E9C384EB2C7EB10800BDF717 /* ExtensionUrl.swift */,
			);
			path = Extension;
			sourceTree = "<group>";
		};
/* End PBXGroup section */

/* Begin PBXNativeTarget section */
		B3EE255C2C77447E006B24A4 /* DiscountArea */ = {
			isa = PBXNativeTarget;
			buildConfigurationList = B3EE25712C77447F006B24A4 /* Build configuration list for PBXNativeTarget "DiscountArea" */;
			buildPhases = (
				B3EE25592C77447E006B24A4 /* Sources */,
				B3EE255A2C77447E006B24A4 /* Frameworks */,
				B3EE255B2C77447E006B24A4 /* Resources */,
			);
			buildRules = (
			);
			dependencies = (
			);
			name = DiscountArea;
			productName = DiscountArea;
			productReference = B3EE255D2C77447E006B24A4 /* DiscountArea.app */;
			productType = "com.apple.product-type.application";
		};
/* End PBXNativeTarget section */

/* Begin PBXProject section */
		B3EE25552C77447E006B24A4 /* Project object */ = {
			isa = PBXProject;
			attributes = {
				BuildIndependentTargetsInParallel = 1;
				LastSwiftUpdateCheck = 1540;
				LastUpgradeCheck = 1540;
				TargetAttributes = {
					B3EE255C2C77447E006B24A4 = {
						CreatedOnToolsVersion = 15.4;
					};
				};
			};
			buildConfigurationList = B3EE25582C77447E006B24A4 /* Build configuration list for PBXProject "DiscountArea" */;
			compatibilityVersion = "Xcode 14.0";
			developmentRegion = en;
			hasScannedForEncodings = 0;
			knownRegions = (
				en,
				Base,
			);
			mainGroup = B3EE25542C77447E006B24A4;
			productRefGroup = B3EE255E2C77447E006B24A4 /* Products */;
			projectDirPath = "";
			projectRoot = "";
			targets = (
				B3EE255C2C77447E006B24A4 /* DiscountArea */,
			);
		};
/* End PBXProject section */

/* Begin PBXResourcesBuildPhase section */
		B3EE255B2C77447E006B24A4 /* Resources */ = {
			isa = PBXResourcesBuildPhase;
			buildActionMask = 2147483647;
			files = (
				B3EE256A2C77447F006B24A4 /* Assets.xcassets in Resources */,
				B3EE256D2C77447F006B24A4 /* Base in Resources */,
				B3EE25682C77447E006B24A4 /* Base in Resources */,
			);
			runOnlyForDeploymentPostprocessing = 0;
		};
/* End PBXResourcesBuildPhase section */

/* Begin PBXSourcesBuildPhase section */
		B3EE25592C77447E006B24A4 /* Sources */ = {
			isa = PBXSourcesBuildPhase;
			buildActionMask = 2147483647;
			files = (
				B3EE25772C7861B1006B24A4 /* HTTPRequestManager.swift in Sources */,
				B3EE25652C77447E006B24A4 /* ViewController.swift in Sources */,
				B3EE25812C7B8984006B24A4 /* MerchantCouponImageViewController.swift in Sources */,
				B3EE257D2C78878D006B24A4 /* ExtensionUIColor.swift in Sources */,
				B3EE259C2C7F6500006B24A4 /* HighlightContainerCell.swift in Sources */,
				B3EE25792C7865F3006B24A4 /* Model.swift in Sources */,
				B3EE25882C7D72FA006B24A4 /* CollectionViewFactory.swift in Sources */,
				B3EE25612C77447E006B24A4 /* AppDelegate.swift in Sources */,
				E9C384E82C7DDCBB00BDF717 /* GuideContainerCell.swift in Sources */,
				E9C384EA2C7DDCD300BDF717 /* GuideCell.swift in Sources */,
				B3EE258C2C7D7340006B24A4 /* ExtensionString.swift in Sources */,
				B3EE25982C7F64C9006B24A4 /* highlightCell.swift in Sources */,
				E9C384EC2C7EB10800BDF717 /* ExtensionUrl.swift in Sources */,
				B3EE25632C77447E006B24A4 /* SceneDelegate.swift in Sources */,
				B3EE258E2C7D74D6006B24A4 /* MerchantCouponContainerCell.swift in Sources */,
				B3EE257B2C788110006B24A4 /* MerchantCouponTableViewCell.swift in Sources */,
				B3EE25922C7D8036006B24A4 /* PromoContainerCell.swift in Sources */,
				B3EE257F2C7B2DFD006B24A4 /* ExtensionUIImageView.swift in Sources */,
				B3EE258A2C7D732C006B24A4 /* PromoCollectionViewCell.swift in Sources */,
			);
			runOnlyForDeploymentPostprocessing = 0;
		};
/* End PBXSourcesBuildPhase section */

/* Begin PBXVariantGroup section */
		B3EE25662C77447E006B24A4 /* Main.storyboard */ = {
			isa = PBXVariantGroup;
			children = (
				B3EE25672C77447E006B24A4 /* Base */,
			);
			name = Main.storyboard;
			sourceTree = "<group>";
		};
		B3EE256B2C77447F006B24A4 /* LaunchScreen.storyboard */ = {
			isa = PBXVariantGroup;
			children = (
				B3EE256C2C77447F006B24A4 /* Base */,
			);
			name = LaunchScreen.storyboard;
			sourceTree = "<group>";
		};
/* End PBXVariantGroup section */

/* Begin XCBuildConfiguration section */
		B3EE256F2C77447F006B24A4 /* Debug */ = {
			isa = XCBuildConfiguration;
			buildSettings = {
				ALWAYS_SEARCH_USER_PATHS = NO;
				ASSETCATALOG_COMPILER_GENERATE_SWIFT_ASSET_SYMBOL_EXTENSIONS = YES;
				CLANG_ANALYZER_NONNULL = YES;
				CLANG_ANALYZER_NUMBER_OBJECT_CONVERSION = YES_AGGRESSIVE;
				CLANG_CXX_LANGUAGE_STANDARD = "gnu++20";
				CLANG_ENABLE_MODULES = YES;
				CLANG_ENABLE_OBJC_ARC = YES;
				CLANG_ENABLE_OBJC_WEAK = YES;
				CLANG_WARN_BLOCK_CAPTURE_AUTORELEASING = YES;
				CLANG_WARN_BOOL_CONVERSION = YES;
				CLANG_WARN_COMMA = YES;
				CLANG_WARN_CONSTANT_CONVERSION = YES;
				CLANG_WARN_DEPRECATED_OBJC_IMPLEMENTATIONS = YES;
				CLANG_WARN_DIRECT_OBJC_ISA_USAGE = YES_ERROR;
				CLANG_WARN_DOCUMENTATION_COMMENTS = YES;
				CLANG_WARN_EMPTY_BODY = YES;
				CLANG_WARN_ENUM_CONVERSION = YES;
				CLANG_WARN_INFINITE_RECURSION = YES;
				CLANG_WARN_INT_CONVERSION = YES;
				CLANG_WARN_NON_LITERAL_NULL_CONVERSION = YES;
				CLANG_WARN_OBJC_IMPLICIT_RETAIN_SELF = YES;
				CLANG_WARN_OBJC_LITERAL_CONVERSION = YES;
				CLANG_WARN_OBJC_ROOT_CLASS = YES_ERROR;
				CLANG_WARN_QUOTED_INCLUDE_IN_FRAMEWORK_HEADER = YES;
				CLANG_WARN_RANGE_LOOP_ANALYSIS = YES;
				CLANG_WARN_STRICT_PROTOTYPES = YES;
				CLANG_WARN_SUSPICIOUS_MOVE = YES;
				CLANG_WARN_UNGUARDED_AVAILABILITY = YES_AGGRESSIVE;
				CLANG_WARN_UNREACHABLE_CODE = YES;
				CLANG_WARN__DUPLICATE_METHOD_MATCH = YES;
				COPY_PHASE_STRIP = NO;
				DEBUG_INFORMATION_FORMAT = dwarf;
				ENABLE_STRICT_OBJC_MSGSEND = YES;
				ENABLE_TESTABILITY = YES;
				ENABLE_USER_SCRIPT_SANDBOXING = YES;
				GCC_C_LANGUAGE_STANDARD = gnu17;
				GCC_DYNAMIC_NO_PIC = NO;
				GCC_NO_COMMON_BLOCKS = YES;
				GCC_OPTIMIZATION_LEVEL = 0;
				GCC_PREPROCESSOR_DEFINITIONS = (
					"DEBUG=1",
					"$(inherited)",
				);
				GCC_WARN_64_TO_32_BIT_CONVERSION = YES;
				GCC_WARN_ABOUT_RETURN_TYPE = YES_ERROR;
				GCC_WARN_UNDECLARED_SELECTOR = YES;
				GCC_WARN_UNINITIALIZED_AUTOS = YES_AGGRESSIVE;
				GCC_WARN_UNUSED_FUNCTION = YES;
				GCC_WARN_UNUSED_VARIABLE = YES;
				IPHONEOS_DEPLOYMENT_TARGET = 17.5;
				LOCALIZATION_PREFERS_STRING_CATALOGS = YES;
				MTL_ENABLE_DEBUG_INFO = INCLUDE_SOURCE;
				MTL_FAST_MATH = YES;
				ONLY_ACTIVE_ARCH = YES;
				SDKROOT = iphoneos;
				SWIFT_ACTIVE_COMPILATION_CONDITIONS = "DEBUG $(inherited)";
				SWIFT_OPTIMIZATION_LEVEL = "-Onone";
			};
			name = Debug;
		};
		B3EE25702C77447F006B24A4 /* Release */ = {
			isa = XCBuildConfiguration;
			buildSettings = {
				ALWAYS_SEARCH_USER_PATHS = NO;
				ASSETCATALOG_COMPILER_GENERATE_SWIFT_ASSET_SYMBOL_EXTENSIONS = YES;
				CLANG_ANALYZER_NONNULL = YES;
				CLANG_ANALYZER_NUMBER_OBJECT_CONVERSION = YES_AGGRESSIVE;
				CLANG_CXX_LANGUAGE_STANDARD = "gnu++20";
				CLANG_ENABLE_MODULES = YES;
				CLANG_ENABLE_OBJC_ARC = YES;
				CLANG_ENABLE_OBJC_WEAK = YES;
				CLANG_WARN_BLOCK_CAPTURE_AUTORELEASING = YES;
				CLANG_WARN_BOOL_CONVERSION = YES;
				CLANG_WARN_COMMA = YES;
				CLANG_WARN_CONSTANT_CONVERSION = YES;
				CLANG_WARN_DEPRECATED_OBJC_IMPLEMENTATIONS = YES;
				CLANG_WARN_DIRECT_OBJC_ISA_USAGE = YES_ERROR;
				CLANG_WARN_DOCUMENTATION_COMMENTS = YES;
				CLANG_WARN_EMPTY_BODY = YES;
				CLANG_WARN_ENUM_CONVERSION = YES;
				CLANG_WARN_INFINITE_RECURSION = YES;
				CLANG_WARN_INT_CONVERSION = YES;
				CLANG_WARN_NON_LITERAL_NULL_CONVERSION = YES;
				CLANG_WARN_OBJC_IMPLICIT_RETAIN_SELF = YES;
				CLANG_WARN_OBJC_LITERAL_CONVERSION = YES;
				CLANG_WARN_OBJC_ROOT_CLASS = YES_ERROR;
				CLANG_WARN_QUOTED_INCLUDE_IN_FRAMEWORK_HEADER = YES;
				CLANG_WARN_RANGE_LOOP_ANALYSIS = YES;
				CLANG_WARN_STRICT_PROTOTYPES = YES;
				CLANG_WARN_SUSPICIOUS_MOVE = YES;
				CLANG_WARN_UNGUARDED_AVAILABILITY = YES_AGGRESSIVE;
				CLANG_WARN_UNREACHABLE_CODE = YES;
				CLANG_WARN__DUPLICATE_METHOD_MATCH = YES;
				COPY_PHASE_STRIP = NO;
				DEBUG_INFORMATION_FORMAT = "dwarf-with-dsym";
				ENABLE_NS_ASSERTIONS = NO;
				ENABLE_STRICT_OBJC_MSGSEND = YES;
				ENABLE_USER_SCRIPT_SANDBOXING = YES;
				GCC_C_LANGUAGE_STANDARD = gnu17;
				GCC_NO_COMMON_BLOCKS = YES;
				GCC_WARN_64_TO_32_BIT_CONVERSION = YES;
				GCC_WARN_ABOUT_RETURN_TYPE = YES_ERROR;
				GCC_WARN_UNDECLARED_SELECTOR = YES;
				GCC_WARN_UNINITIALIZED_AUTOS = YES_AGGRESSIVE;
				GCC_WARN_UNUSED_FUNCTION = YES;
				GCC_WARN_UNUSED_VARIABLE = YES;
				IPHONEOS_DEPLOYMENT_TARGET = 17.5;
				LOCALIZATION_PREFERS_STRING_CATALOGS = YES;
				MTL_ENABLE_DEBUG_INFO = NO;
				MTL_FAST_MATH = YES;
				SDKROOT = iphoneos;
				SWIFT_COMPILATION_MODE = wholemodule;
				VALIDATE_PRODUCT = YES;
			};
			name = Release;
		};
		B3EE25722C77447F006B24A4 /* Debug */ = {
			isa = XCBuildConfiguration;
			buildSettings = {
				ASSETCATALOG_COMPILER_APPICON_NAME = AppIcon;
				ASSETCATALOG_COMPILER_GLOBAL_ACCENT_COLOR_NAME = AccentColor;
				CODE_SIGN_STYLE = Automatic;
				CURRENT_PROJECT_VERSION = 1;
				GENERATE_INFOPLIST_FILE = YES;
				INFOPLIST_FILE = DiscountArea/Info.plist;
				INFOPLIST_KEY_UIApplicationSupportsIndirectInputEvents = YES;
				INFOPLIST_KEY_UILaunchStoryboardName = LaunchScreen;
				INFOPLIST_KEY_UIMainStoryboardFile = Main;
				INFOPLIST_KEY_UISupportedInterfaceOrientations_iPad = "UIInterfaceOrientationPortrait UIInterfaceOrientationPortraitUpsideDown UIInterfaceOrientationLandscapeLeft UIInterfaceOrientationLandscapeRight";
				INFOPLIST_KEY_UISupportedInterfaceOrientations_iPhone = "UIInterfaceOrientationPortrait UIInterfaceOrientationLandscapeLeft UIInterfaceOrientationLandscapeRight";
				IPHONEOS_DEPLOYMENT_TARGET = 16.0;
				LD_RUNPATH_SEARCH_PATHS = (
					"$(inherited)",
					"@executable_path/Frameworks",
				);
				MARKETING_VERSION = 1.0;
				PRODUCT_BUNDLE_IDENTIFIER = com.AppWorksSchool.DiscountArea;
				PRODUCT_NAME = "$(TARGET_NAME)";
				SWIFT_EMIT_LOC_STRINGS = YES;
				SWIFT_VERSION = 5.0;
				TARGETED_DEVICE_FAMILY = "1,2";
			};
			name = Debug;
		};
		B3EE25732C77447F006B24A4 /* Release */ = {
			isa = XCBuildConfiguration;
			buildSettings = {
				ASSETCATALOG_COMPILER_APPICON_NAME = AppIcon;
				ASSETCATALOG_COMPILER_GLOBAL_ACCENT_COLOR_NAME = AccentColor;
				CODE_SIGN_STYLE = Automatic;
				CURRENT_PROJECT_VERSION = 1;
				GENERATE_INFOPLIST_FILE = YES;
				INFOPLIST_FILE = DiscountArea/Info.plist;
				INFOPLIST_KEY_UIApplicationSupportsIndirectInputEvents = YES;
				INFOPLIST_KEY_UILaunchStoryboardName = LaunchScreen;
				INFOPLIST_KEY_UIMainStoryboardFile = Main;
				INFOPLIST_KEY_UISupportedInterfaceOrientations_iPad = "UIInterfaceOrientationPortrait UIInterfaceOrientationPortraitUpsideDown UIInterfaceOrientationLandscapeLeft UIInterfaceOrientationLandscapeRight";
				INFOPLIST_KEY_UISupportedInterfaceOrientations_iPhone = "UIInterfaceOrientationPortrait UIInterfaceOrientationLandscapeLeft UIInterfaceOrientationLandscapeRight";
				IPHONEOS_DEPLOYMENT_TARGET = 16.0;
				LD_RUNPATH_SEARCH_PATHS = (
					"$(inherited)",
					"@executable_path/Frameworks",
				);
				MARKETING_VERSION = 1.0;
				PRODUCT_BUNDLE_IDENTIFIER = com.AppWorksSchool.DiscountArea;
				PRODUCT_NAME = "$(TARGET_NAME)";
				SWIFT_EMIT_LOC_STRINGS = YES;
				SWIFT_VERSION = 5.0;
				TARGETED_DEVICE_FAMILY = "1,2";
			};
			name = Release;
		};
/* End XCBuildConfiguration section */

/* Begin XCConfigurationList section */
		B3EE25582C77447E006B24A4 /* Build configuration list for PBXProject "DiscountArea" */ = {
			isa = XCConfigurationList;
			buildConfigurations = (
				B3EE256F2C77447F006B24A4 /* Debug */,
				B3EE25702C77447F006B24A4 /* Release */,
			);
			defaultConfigurationIsVisible = 0;
			defaultConfigurationName = Release;
		};
		B3EE25712C77447F006B24A4 /* Build configuration list for PBXNativeTarget "DiscountArea" */ = {
			isa = XCConfigurationList;
			buildConfigurations = (
				B3EE25722C77447F006B24A4 /* Debug */,
				B3EE25732C77447F006B24A4 /* Release */,
			);
			defaultConfigurationIsVisible = 0;
			defaultConfigurationName = Release;
		};
/* End XCConfigurationList section */
	};
	rootObject = B3EE25552C77447E006B24A4 /* Project object */;
}
